
Microsoft Visual Studio Solution File, Format Version 12.00
Project("{FAE04EC0-301F-11D3-BF4B-00C04F79EFBC}") = "Kompilator2024", "Kompilator2024\Kompilator2024.csproj", "{3089AB4E-048E-4748-894C-2C6DBED8E892}"
EndProject
Global
	GlobalSection(SolutionConfigurationPlatforms) = preSolution
		Debug|Any CPU = Debug|Any CPU
		Release|Any CPU = Release|Any CPU
	EndGlobalSection
	GlobalSection(ProjectConfigurationPlatforms) = postSolution
		{3089AB4E-048E-4748-894C-2C6DBED8E892}.Debug|Any CPU.ActiveCfg = Debug|Any CPU
		{3089AB4E-048E-4748-894C-2C6DBED8E892}.Debug|Any CPU.Build.0 = Debug|Any CPU
		{3089AB4E-048E-4748-894C-2C6DBED8E892}.Release|Any CPU.ActiveCfg = Release|Any CPU
		{3089AB4E-048E-4748-894C-2C6DBED8E892}.Release|Any CPU.Build.0 = Release|Any CPU
	EndGlobalSection
EndGlobal
